
Microsoft Visual Studio Solution File, Format Version 12.00
# Visual Studio Version 17
VisualStudioVersion = 17.0.31903.59
MinimumVisualStudioVersion = 10.0.40219.1
Project("{FAE04EC0-301F-11D3-BF4B-00C04F79EFBC}") = "CSharpAST.Core", "CSharpAST.Core\CSharpAST.Core.csproj", "{7A14F422-D145-4367-A1E1-5A8BCF2C83B9}"
EndProject
Project("{FAE04EC0-301F-11D3-BF4B-00C04F79EFBC}") = "CSharpAST.TestGeneration", "CSharpAST.TestGeneration\CSharpAST.TestGeneration.csproj", "{E16F74FB-4057-4375-8DA3-5FB7D42384DD}"
EndProject
Project("{FAE04EC0-301F-11D3-BF4B-00C04F79EFBC}") = "CSharpAST.CLI", "CSharpAST.CLI\CSharpAST.CLI.csproj", "{92054075-3583-42A9-8A86-1DBAE25458CC}"
EndProject
Project("{FAE04EC0-301F-11D3-BF4B-00C04F79EFBC}") = "CSharpAST.IntegrationTests", "CSharpAST.IntegrationTests\CSharpAST.IntegrationTests.csproj", "{A8B2C3D4-E5F6-7890-1234-56789ABCDEF0}"
EndProject
Project("{FAE04EC0-301F-11D3-BF4B-00C04F79EFBC}") = "CSharpAST.Performance", "CSharpAST.Performance\CSharpAST.Performance.csproj", "{B9C3D4E5-F6A7-8901-2345-6789ABCDEF01}"
EndProject
Project("{FAE04EC0-301F-11D3-BF4B-00C04F79EFBC}") = "CSharpAST.PerformanceTest", "CSharpAST.PerformanceTest\CSharpAST.PerformanceTest.csproj", "{C0D4E5F6-A7B8-9012-3456-789ABCDEF012}"
EndProject
Global
	GlobalSection(SolutionConfigurationPlatforms) = preSolution
		Debug|Any CPU = Debug|Any CPU
		Debug|x64 = Debug|x64
		Debug|x86 = Debug|x86
		Release|Any CPU = Release|Any CPU
		Release|x64 = Release|x64
		Release|x86 = Release|x86
	EndGlobalSection
	GlobalSection(ProjectConfigurationPlatforms) = postSolution
		{7A14F422-D145-4367-A1E1-5A8BCF2C83B9}.Debug|Any CPU.ActiveCfg = Debug|Any CPU
		{7A14F422-D145-4367-A1E1-5A8BCF2C83B9}.Debug|Any CPU.Build.0 = Debug|Any CPU
		{7A14F422-D145-4367-A1E1-5A8BCF2C83B9}.Debug|x64.ActiveCfg = Debug|Any CPU
		{7A14F422-D145-4367-A1E1-5A8BCF2C83B9}.Debug|x64.Build.0 = Debug|Any CPU
		{7A14F422-D145-4367-A1E1-5A8BCF2C83B9}.Debug|x86.ActiveCfg = Debug|Any CPU
		{7A14F422-D145-4367-A1E1-5A8BCF2C83B9}.Debug|x86.Build.0 = Debug|Any CPU
		{7A14F422-D145-4367-A1E1-5A8BCF2C83B9}.Release|Any CPU.ActiveCfg = Release|Any CPU
		{7A14F422-D145-4367-A1E1-5A8BCF2C83B9}.Release|Any CPU.Build.0 = Release|Any CPU
		{7A14F422-D145-4367-A1E1-5A8BCF2C83B9}.Release|x64.ActiveCfg = Release|Any CPU
		{7A14F422-D145-4367-A1E1-5A8BCF2C83B9}.Release|x64.Build.0 = Release|Any CPU
		{7A14F422-D145-4367-A1E1-5A8BCF2C83B9}.Release|x86.ActiveCfg = Release|Any CPU
		{7A14F422-D145-4367-A1E1-5A8BCF2C83B9}.Release|x86.Build.0 = Release|Any CPU
		{E16F74FB-4057-4375-8DA3-5FB7D42384DD}.Debug|Any CPU.ActiveCfg = Debug|Any CPU
		{E16F74FB-4057-4375-8DA3-5FB7D42384DD}.Debug|Any CPU.Build.0 = Debug|Any CPU
		{E16F74FB-4057-4375-8DA3-5FB7D42384DD}.Debug|x64.ActiveCfg = Debug|Any CPU
		{E16F74FB-4057-4375-8DA3-5FB7D42384DD}.Debug|x64.Build.0 = Debug|Any CPU
		{E16F74FB-4057-4375-8DA3-5FB7D42384DD}.Debug|x86.ActiveCfg = Debug|Any CPU
		{E16F74FB-4057-4375-8DA3-5FB7D42384DD}.Debug|x86.Build.0 = Debug|Any CPU
		{E16F74FB-4057-4375-8DA3-5FB7D42384DD}.Release|Any CPU.ActiveCfg = Release|Any CPU
		{E16F74FB-4057-4375-8DA3-5FB7D42384DD}.Release|Any CPU.Build.0 = Release|Any CPU
		{E16F74FB-4057-4375-8DA3-5FB7D42384DD}.Release|x64.ActiveCfg = Release|Any CPU
		{E16F74FB-4057-4375-8DA3-5FB7D42384DD}.Release|x64.Build.0 = Release|Any CPU
		{E16F74FB-4057-4375-8DA3-5FB7D42384DD}.Release|x86.ActiveCfg = Release|Any CPU
		{E16F74FB-4057-4375-8DA3-5FB7D42384DD}.Release|x86.Build.0 = Release|Any CPU
		{92054075-3583-42A9-8A86-1DBAE25458CC}.Debug|Any CPU.ActiveCfg = Debug|Any CPU
		{92054075-3583-42A9-8A86-1DBAE25458CC}.Debug|Any CPU.Build.0 = Debug|Any CPU
		{92054075-3583-42A9-8A86-1DBAE25458CC}.Debug|x64.ActiveCfg = Debug|Any CPU
		{92054075-3583-42A9-8A86-1DBAE25458CC}.Debug|x64.Build.0 = Debug|Any CPU
		{92054075-3583-42A9-8A86-1DBAE25458CC}.Debug|x86.ActiveCfg = Debug|Any CPU
		{92054075-3583-42A9-8A86-1DBAE25458CC}.Debug|x86.Build.0 = Debug|Any CPU
		{92054075-3583-42A9-8A86-1DBAE25458CC}.Release|Any CPU.ActiveCfg = Release|Any CPU
		{92054075-3583-42A9-8A86-1DBAE25458CC}.Release|Any CPU.Build.0 = Release|Any CPU
		{92054075-3583-42A9-8A86-1DBAE25458CC}.Release|x64.ActiveCfg = Release|Any CPU
		{92054075-3583-42A9-8A86-1DBAE25458CC}.Release|x64.Build.0 = Release|Any CPU
		{92054075-3583-42A9-8A86-1DBAE25458CC}.Release|x86.ActiveCfg = Release|Any CPU
		{92054075-3583-42A9-8A86-1DBAE25458CC}.Release|x86.Build.0 = Release|Any CPU
		{A8B2C3D4-E5F6-7890-1234-56789ABCDEF0}.Debug|Any CPU.ActiveCfg = Debug|Any CPU
		{A8B2C3D4-E5F6-7890-1234-56789ABCDEF0}.Debug|Any CPU.Build.0 = Debug|Any CPU
		{A8B2C3D4-E5F6-7890-1234-56789ABCDEF0}.Debug|x64.ActiveCfg = Debug|Any CPU
		{A8B2C3D4-E5F6-7890-1234-56789ABCDEF0}.Debug|x64.Build.0 = Debug|Any CPU
		{A8B2C3D4-E5F6-7890-1234-56789ABCDEF0}.Debug|x86.ActiveCfg = Debug|Any CPU
		{A8B2C3D4-E5F6-7890-1234-56789ABCDEF0}.Debug|x86.Build.0 = Debug|Any CPU
		{A8B2C3D4-E5F6-7890-1234-56789ABCDEF0}.Release|Any CPU.ActiveCfg = Release|Any CPU
		{A8B2C3D4-E5F6-7890-1234-56789ABCDEF0}.Release|Any CPU.Build.0 = Release|Any CPU
		{A8B2C3D4-E5F6-7890-1234-56789ABCDEF0}.Release|x64.ActiveCfg = Release|Any CPU
		{A8B2C3D4-E5F6-7890-1234-56789ABCDEF0}.Release|x64.Build.0 = Release|Any CPU
		{A8B2C3D4-E5F6-7890-1234-56789ABCDEF0}.Release|x86.ActiveCfg = Release|Any CPU
		{A8B2C3D4-E5F6-7890-1234-56789ABCDEF0}.Release|x86.Build.0 = Release|Any CPU
		{B9C3D4E5-F6A7-8901-2345-6789ABCDEF01}.Debug|Any CPU.ActiveCfg = Debug|Any CPU
		{B9C3D4E5-F6A7-8901-2345-6789ABCDEF01}.Debug|Any CPU.Build.0 = Debug|Any CPU
		{B9C3D4E5-F6A7-8901-2345-6789ABCDEF01}.Debug|x64.ActiveCfg = Debug|Any CPU
		{B9C3D4E5-F6A7-8901-2345-6789ABCDEF01}.Debug|x64.Build.0 = Debug|Any CPU
		{B9C3D4E5-F6A7-8901-2345-6789ABCDEF01}.Debug|x86.ActiveCfg = Debug|Any CPU
		{B9C3D4E5-F6A7-8901-2345-6789ABCDEF01}.Debug|x86.Build.0 = Debug|Any CPU
		{B9C3D4E5-F6A7-8901-2345-6789ABCDEF01}.Release|Any CPU.ActiveCfg = Release|Any CPU
		{B9C3D4E5-F6A7-8901-2345-6789ABCDEF01}.Release|Any CPU.Build.0 = Release|Any CPU
		{B9C3D4E5-F6A7-8901-2345-6789ABCDEF01}.Release|x64.ActiveCfg = Release|Any CPU
		{B9C3D4E5-F6A7-8901-2345-6789ABCDEF01}.Release|x64.Build.0 = Release|Any CPU
		{B9C3D4E5-F6A7-8901-2345-6789ABCDEF01}.Release|x86.ActiveCfg = Release|Any CPU
		{B9C3D4E5-F6A7-8901-2345-6789ABCDEF01}.Release|x86.Build.0 = Release|Any CPU
		{C0D4E5F6-A7B8-9012-3456-789ABCDEF012}.Debug|Any CPU.ActiveCfg = Debug|Any CPU
		{C0D4E5F6-A7B8-9012-3456-789ABCDEF012}.Debug|Any CPU.Build.0 = Debug|Any CPU
		{C0D4E5F6-A7B8-9012-3456-789ABCDEF012}.Debug|x64.ActiveCfg = Debug|Any CPU
		{C0D4E5F6-A7B8-9012-3456-789ABCDEF012}.Debug|x64.Build.0 = Debug|Any CPU
		{C0D4E5F6-A7B8-9012-3456-789ABCDEF012}.Debug|x86.ActiveCfg = Debug|Any CPU
		{C0D4E5F6-A7B8-9012-3456-789ABCDEF012}.Debug|x86.Build.0 = Debug|Any CPU
		{C0D4E5F6-A7B8-9012-3456-789ABCDEF012}.Release|Any CPU.ActiveCfg = Release|Any CPU
		{C0D4E5F6-A7B8-9012-3456-789ABCDEF012}.Release|Any CPU.Build.0 = Release|Any CPU
		{C0D4E5F6-A7B8-9012-3456-789ABCDEF012}.Release|x64.ActiveCfg = Release|Any CPU
		{C0D4E5F6-A7B8-9012-3456-789ABCDEF012}.Release|x64.Build.0 = Release|Any CPU
		{C0D4E5F6-A7B8-9012-3456-789ABCDEF012}.Release|x86.ActiveCfg = Release|Any CPU
		{C0D4E5F6-A7B8-9012-3456-789ABCDEF012}.Release|x86.Build.0 = Release|Any CPU
	EndGlobalSection
	GlobalSection(SolutionProperties) = preSolution
		HideSolutionNode = FALSE
	EndGlobalSection
EndGlobal
